
Microsoft Visual Studio Solution File, Format Version 11.00
# Visual Studio 2010
Project("{8BC9CEB8-8B4A-11D0-8D11-00A0C91BC942}") = "WMIWrapper", "WMIWrapper\WMIWrapper.vcxproj", "{4E04BF71-E52F-4599-A504-7F17850A5B19}"
EndProject
Project("{8BC9CEB8-8B4A-11D0-8D11-00A0C91BC942}") = "WMITest", "WMITest\WMITest.vcxproj", "{400FEBD1-9019-47DF-ABB7-665DAF851FA5}"
EndProject
Global
	GlobalSection(SolutionConfigurationPlatforms) = preSolution
		Debug|Win32 = Debug|Win32
		Release|Win32 = Release|Win32
	EndGlobalSection
	GlobalSection(ProjectConfigurationPlatforms) = postSolution
		{4E04BF71-E52F-4599-A504-7F17850A5B19}.Debug|Win32.ActiveCfg = Debug|Win32
		{4E04BF71-E52F-4599-A504-7F17850A5B19}.Debug|Win32.Build.0 = Debug|Win32
		{4E04BF71-E52F-4599-A504-7F17850A5B19}.Release|Win32.ActiveCfg = Release|Win32
		{4E04BF71-E52F-4599-A504-7F17850A5B19}.Release|Win32.Build.0 = Release|Win32
		{400FEBD1-9019-47DF-ABB7-665DAF851FA5}.Debug|Win32.ActiveCfg = Debug|Win32
		{400FEBD1-9019-47DF-ABB7-665DAF851FA5}.Debug|Win32.Build.0 = Debug|Win32
		{400FEBD1-9019-47DF-ABB7-665DAF851FA5}.Release|Win32.ActiveCfg = Release|Win32
		{400FEBD1-9019-47DF-ABB7-665DAF851FA5}.Release|Win32.Build.0 = Release|Win32
	EndGlobalSection
	GlobalSection(SolutionProperties) = preSolution
		HideSolutionNode = FALSE
	EndGlobalSection
EndGlobal
