<?xml version="1.0" encoding="utf-8"?>
<Project ToolsVersion="4.0" xmlns="http://schemas.microsoft.com/developer/msbuild/2003">
  <ItemGroup>
    <Filter Include="Source Files">
      <UniqueIdentifier>{4FC737F1-C7A5-4376-A066-2A32D752A2FF}</UniqueIdentifier>
      <Extensions>cpp;c;cc;cxx;def;odl;idl;hpj;bat;asm;asmx</Extensions>
    </Filter>
    <Filter Include="Header Files">
      <UniqueIdentifier>{93995380-89BD-4b04-88EB-625FBE52EBFB}</UniqueIdentifier>
      <Extensions>h;hpp;hxx;hm;inl;inc;xsd</Extensions>
    </Filter>
    <Filter Include="Resource Files">
      <UniqueIdentifier>{67DA6AB6-F800-4c08-8B7A-83BB121AAD01}</UniqueIdentifier>
      <Extensions>rc;ico;cur;bmp;dlg;rc2;rct;bin;rgs;gif;jpg;jpeg;jpe;resx;tiff;tif;png;wav;mfcribbon-ms</Extensions>
    </Filter>
    <Filter Include="Source Files\InputDevice">
      <UniqueIdentifier>{b5d0769b-7b8d-4281-aa41-29b27887d003}</UniqueIdentifier>
    </Filter>
    <Filter Include="Source Files\MotherboardControllerPort">
      <UniqueIdentifier>{736b6fa3-4e66-4cb6-9b3b-5f08ad555aed}</UniqueIdentifier>
    </Filter>
    <Filter Include="Source Files\VideoMonitor">
      <UniqueIdentifier>{b3e39984-8e74-41c4-8af2-4dfb7b69dba7}</UniqueIdentifier>
    </Filter>
  </ItemGroup>
  <ItemGroup>
    <None Include="ReadMe.txt" />
  </ItemGroup>
  <ItemGroup>
    <ClInclude Include="stdafx.h">
      <Filter>Header Files</Filter>
    </ClInclude>
    <ClInclude Include="targetver.h">
      <Filter>Header Files</Filter>
    </ClInclude>
    <ClInclude Include="WMIWrapper.h">
      <Filter>Header Files</Filter>
    </ClInclude>
    <ClInclude Include="WMIBase.h">
      <Filter>Header Files</Filter>
    </ClInclude>
    <ClInclude Include="GeneralDescriptions.h">
      <Filter>Header Files</Filter>
    </ClInclude>
  </ItemGroup>
  <ItemGroup>
    <ClCompile Include="stdafx.cpp">
      <Filter>Source Files</Filter>
    </ClCompile>
    <ClCompile Include="dllmain.cpp">
      <Filter>Source Files</Filter>
    </ClCompile>
    <ClCompile Include="WMIBase.cpp">
      <Filter>Source Files</Filter>
    </ClCompile>
    <ClCompile Include="Keyboard.cpp">
      <Filter>Source Files\InputDevice</Filter>
    </ClCompile>
    <ClCompile Include="PointingDevice.cpp">
      <Filter>Source Files\InputDevice</Filter>
    </ClCompile>
    <ClCompile Include="Processor.cpp">
      <Filter>Source Files\MotherboardControllerPort</Filter>
    </ClCompile>
    <ClCompile Include="DesktopMonitor.cpp">
      <Filter>Source Files\VideoMonitor</Filter>
    </ClCompile>
    <ClCompile Include="GeneralDescriptions.cpp">
      <Filter>Source Files</Filter>
    </ClCompile>
  </ItemGroup>
</Project>